
Microsoft Visual Studio Solution File, Format Version 12.00
# Visual Studio 14
VisualStudioVersion = 14.0.25420.1
MinimumVisualStudioVersion = 10.0.40219.1
Project("{FAE04EC0-301F-11D3-BF4B-00C04F79EFBC}") = "Servicios", "Servicios\Servicios.csproj", "{73B8236F-8028-438E-8837-3BF6CE52276C}"
EndProject
Project("{FAE04EC0-301F-11D3-BF4B-00C04F79EFBC}") = "ProyectoWeb", "ProyectoWeb\ProyectoWeb.csproj", "{8DAE8C67-3F19-47E8-8E25-F3FEB6DDCB6C}"
EndProject
Global
	GlobalSection(SolutionConfigurationPlatforms) = preSolution
		Debug|Any CPU = Debug|Any CPU
		Release|Any CPU = Release|Any CPU
	EndGlobalSection
	GlobalSection(ProjectConfigurationPlatforms) = postSolution
		{73B8236F-8028-438E-8837-3BF6CE52276C}.Debug|Any CPU.ActiveCfg = Debug|Any CPU
		{73B8236F-8028-438E-8837-3BF6CE52276C}.Debug|Any CPU.Build.0 = Debug|Any CPU
		{73B8236F-8028-438E-8837-3BF6CE52276C}.Release|Any CPU.ActiveCfg = Release|Any CPU
		{73B8236F-8028-438E-8837-3BF6CE52276C}.Release|Any CPU.Build.0 = Release|Any CPU
		{8DAE8C67-3F19-47E8-8E25-F3FEB6DDCB6C}.Debug|Any CPU.ActiveCfg = Debug|Any CPU
		{8DAE8C67-3F19-47E8-8E25-F3FEB6DDCB6C}.Debug|Any CPU.Build.0 = Debug|Any CPU
		{8DAE8C67-3F19-47E8-8E25-F3FEB6DDCB6C}.Release|Any CPU.ActiveCfg = Release|Any CPU
		{8DAE8C67-3F19-47E8-8E25-F3FEB6DDCB6C}.Release|Any CPU.Build.0 = Release|Any CPU
	EndGlobalSection
	GlobalSection(SolutionProperties) = preSolution
		HideSolutionNode = FALSE
	EndGlobalSection
EndGlobal
